// !$*UTF8*$!
{
	archiveVersion = 1;
	classes = {
	};
	objectVersion = 46;
	objects = {

/* Begin PBXBuildFile section */
		793AB0AA1B00C221008D2ED3 /* main.m in Sources */ = {isa = PBXBuildFile; fileRef = 793AB0A91B00C221008D2ED3 /* main.m */; };
		793AB0AD1B00C221008D2ED3 /* AppDelegate.m in Sources */ = {isa = PBXBuildFile; fileRef = 793AB0AC1B00C221008D2ED3 /* AppDelegate.m */; };
		793AB0B01B00C221008D2ED3 /* MapNextClewViewController.m in Sources */ = {isa = PBXBuildFile; fileRef = 793AB0AF1B00C221008D2ED3 /* MapNextClewViewController.m */; };
		793AB0B31B00C221008D2ED3 /* ScannerViewController.m in Sources */ = {isa = PBXBuildFile; fileRef = 793AB0B21B00C221008D2ED3 /* ScannerViewController.m */; };
		793AB0B61B00C221008D2ED3 /* Main.storyboard in Resources */ = {isa = PBXBuildFile; fileRef = 793AB0B41B00C221008D2ED3 /* Main.storyboard */; };
		793AB0B81B00C221008D2ED3 /* Images.xcassets in Resources */ = {isa = PBXBuildFile; fileRef = 793AB0B71B00C221008D2ED3 /* Images.xcassets */; };
		793AB0BB1B00C221008D2ED3 /* LaunchScreen.xib in Resources */ = {isa = PBXBuildFile; fileRef = 793AB0B91B00C221008D2ED3 /* LaunchScreen.xib */; };
		793AB0C71B00C221008D2ED3 /* DetectiveAppTests.m in Sources */ = {isa = PBXBuildFile; fileRef = 793AB0C61B00C221008D2ED3 /* DetectiveAppTests.m */; };
		793AB0D21B00C40E008D2ED3 /* MyClewsViewController.m in Sources */ = {isa = PBXBuildFile; fileRef = 793AB0D11B00C40E008D2ED3 /* MyClewsViewController.m */; };
		793AB0D51B00C599008D2ED3 /* QRClewDetailViewController.m in Sources */ = {isa = PBXBuildFile; fileRef = 793AB0D41B00C599008D2ED3 /* QRClewDetailViewController.m */; };
		79B1062F1B00DB450087E9F7 /* MapKit.framework in Frameworks */ = {isa = PBXBuildFile; fileRef = 79B1062E1B00DB450087E9F7 /* MapKit.framework */; };
		79B106321B00DFA10087E9F7 /* MapAnnotation.m in Sources */ = {isa = PBXBuildFile; fileRef = 79B106311B00DFA10087E9F7 /* MapAnnotation.m */; };
		79B106351B012E670087E9F7 /* DetectiveApp.xcdatamodeld in Sources */ = {isa = PBXBuildFile; fileRef = 79B106331B012E670087E9F7 /* DetectiveApp.xcdatamodeld */; };
		79C28BF21B014AB500E59E42 /* CaseDetailViewController.m in Sources */ = {isa = PBXBuildFile; fileRef = 79C28BF11B014AB500E59E42 /* CaseDetailViewController.m */; };
		79C28C041B0253F400E59E42 /* MyClewsStore.m in Sources */ = {isa = PBXBuildFile; fileRef = 79C28C031B0253F400E59E42 /* MyClewsStore.m */; };
		79C28C071B02557D00E59E42 /* MyClews.m in Sources */ = {isa = PBXBuildFile; fileRef = 79C28C061B02557D00E59E42 /* MyClews.m */; };
		79C28C0B1B027D1B00E59E42 /* CustomCollectionViewCell.m in Sources */ = {isa = PBXBuildFile; fileRef = 79C28C0A1B027D1B00E59E42 /* CustomCollectionViewCell.m */; };
		79C28C0F1B02D61800E59E42 /* MyClewDetailViewController.m in Sources */ = {isa = PBXBuildFile; fileRef = 79C28C0E1B02D61800E59E42 /* MyClewDetailViewController.m */; };
		79C28C131B02DAF800E59E42 /* SuspectViewController.m in Sources */ = {isa = PBXBuildFile; fileRef = 79C28C121B02DAF800E59E42 /* SuspectViewController.m */; };
		79C28C1A1B02DC4000E59E42 /* SuspectStore.m in Sources */ = {isa = PBXBuildFile; fileRef = 79C28C191B02DC4000E59E42 /* SuspectStore.m */; };
		79C28C201B02E69800E59E42 /* Suspect.m in Sources */ = {isa = PBXBuildFile; fileRef = 79C28C1F1B02E69800E59E42 /* Suspect.m */; };
/* End PBXBuildFile section */

/* Begin PBXContainerItemProxy section */
		793AB0C11B00C221008D2ED3 /* PBXContainerItemProxy */ = {
			isa = PBXContainerItemProxy;
			containerPortal = 793AB09C1B00C221008D2ED3 /* Project object */;
			proxyType = 1;
			remoteGlobalIDString = 793AB0A31B00C221008D2ED3;
			remoteInfo = DetectiveApp;
		};
/* End PBXContainerItemProxy section */

/* Begin PBXFileReference section */
		793AB0A41B00C221008D2ED3 /* QRCase.app */ = {isa = PBXFileReference; explicitFileType = wrapper.application; includeInIndex = 0; path = QRCase.app; sourceTree = BUILT_PRODUCTS_DIR; };
		793AB0A81B00C221008D2ED3 /* Info.plist */ = {isa = PBXFileReference; lastKnownFileType = text.plist.xml; path = Info.plist; sourceTree = "<group>"; };
		793AB0A91B00C221008D2ED3 /* main.m */ = {isa = PBXFileReference; lastKnownFileType = sourcecode.c.objc; path = main.m; sourceTree = "<group>"; };
		793AB0AB1B00C221008D2ED3 /* AppDelegate.h */ = {isa = PBXFileReference; lastKnownFileType = sourcecode.c.h; path = AppDelegate.h; sourceTree = "<group>"; };
		793AB0AC1B00C221008D2ED3 /* AppDelegate.m */ = {isa = PBXFileReference; lastKnownFileType = sourcecode.c.objc; path = AppDelegate.m; sourceTree = "<group>"; };
		793AB0AE1B00C221008D2ED3 /* MapNextClewViewController.h */ = {isa = PBXFileReference; lastKnownFileType = sourcecode.c.h; path = MapNextClewViewController.h; sourceTree = "<group>"; };
		793AB0AF1B00C221008D2ED3 /* MapNextClewViewController.m */ = {isa = PBXFileReference; lastKnownFileType = sourcecode.c.objc; path = MapNextClewViewController.m; sourceTree = "<group>"; };
		793AB0B11B00C221008D2ED3 /* ScannerViewController.h */ = {isa = PBXFileReference; lastKnownFileType = sourcecode.c.h; path = ScannerViewController.h; sourceTree = "<group>"; };
		793AB0B21B00C221008D2ED3 /* ScannerViewController.m */ = {isa = PBXFileReference; lastKnownFileType = sourcecode.c.objc; path = ScannerViewController.m; sourceTree = "<group>"; };
		793AB0B51B00C221008D2ED3 /* Base */ = {isa = PBXFileReference; lastKnownFileType = file.storyboard; name = Base; path = Base.lproj/Main.storyboard; sourceTree = "<group>"; };
		793AB0B71B00C221008D2ED3 /* Images.xcassets */ = {isa = PBXFileReference; lastKnownFileType = folder.assetcatalog; path = Images.xcassets; sourceTree = "<group>"; };
		793AB0BA1B00C221008D2ED3 /* Base */ = {isa = PBXFileReference; lastKnownFileType = file.xib; name = Base; path = Base.lproj/LaunchScreen.xib; sourceTree = "<group>"; };
		793AB0C01B00C221008D2ED3 /* QRCaseTests.xctest */ = {isa = PBXFileReference; explicitFileType = wrapper.cfbundle; includeInIndex = 0; path = QRCaseTests.xctest; sourceTree = BUILT_PRODUCTS_DIR; };
		793AB0C51B00C221008D2ED3 /* Info.plist */ = {isa = PBXFileReference; lastKnownFileType = text.plist.xml; path = Info.plist; sourceTree = "<group>"; };
		793AB0C61B00C221008D2ED3 /* DetectiveAppTests.m */ = {isa = PBXFileReference; lastKnownFileType = sourcecode.c.objc; path = DetectiveAppTests.m; sourceTree = "<group>"; };
		793AB0D01B00C40E008D2ED3 /* MyClewsViewController.h */ = {isa = PBXFileReference; fileEncoding = 4; lastKnownFileType = sourcecode.c.h; path = MyClewsViewController.h; sourceTree = "<group>"; };
		793AB0D11B00C40E008D2ED3 /* MyClewsViewController.m */ = {isa = PBXFileReference; fileEncoding = 4; lastKnownFileType = sourcecode.c.objc; path = MyClewsViewController.m; sourceTree = "<group>"; };
		793AB0D31B00C599008D2ED3 /* QRClewDetailViewController.h */ = {isa = PBXFileReference; fileEncoding = 4; lastKnownFileType = sourcecode.c.h; path = QRClewDetailViewController.h; sourceTree = "<group>"; };
		793AB0D41B00C599008D2ED3 /* QRClewDetailViewController.m */ = {isa = PBXFileReference; fileEncoding = 4; lastKnownFileType = sourcecode.c.objc; path = QRClewDetailViewController.m; sourceTree = "<group>"; };
		79B1062E1B00DB450087E9F7 /* MapKit.framework */ = {isa = PBXFileReference; lastKnownFileType = wrapper.framework; name = MapKit.framework; path = System/Library/Frameworks/MapKit.framework; sourceTree = SDKROOT; };
		79B106301B00DFA10087E9F7 /* MapAnnotation.h */ = {isa = PBXFileReference; fileEncoding = 4; lastKnownFileType = sourcecode.c.h; path = MapAnnotation.h; sourceTree = "<group>"; };
		79B106311B00DFA10087E9F7 /* MapAnnotation.m */ = {isa = PBXFileReference; fileEncoding = 4; lastKnownFileType = sourcecode.c.objc; path = MapAnnotation.m; sourceTree = "<group>"; };
		79B106341B012E670087E9F7 /* DetectiveApp.xcdatamodel */ = {isa = PBXFileReference; lastKnownFileType = wrapper.xcdatamodel; path = DetectiveApp.xcdatamodel; sourceTree = "<group>"; };
		79C28BF01B014AB500E59E42 /* CaseDetailViewController.h */ = {isa = PBXFileReference; fileEncoding = 4; lastKnownFileType = sourcecode.c.h; path = CaseDetailViewController.h; sourceTree = "<group>"; };
		79C28BF11B014AB500E59E42 /* CaseDetailViewController.m */ = {isa = PBXFileReference; fileEncoding = 4; lastKnownFileType = sourcecode.c.objc; path = CaseDetailViewController.m; sourceTree = "<group>"; };
		79C28C021B0253F400E59E42 /* MyClewsStore.h */ = {isa = PBXFileReference; fileEncoding = 4; lastKnownFileType = sourcecode.c.h; path = MyClewsStore.h; sourceTree = "<group>"; };
		79C28C031B0253F400E59E42 /* MyClewsStore.m */ = {isa = PBXFileReference; fileEncoding = 4; lastKnownFileType = sourcecode.c.objc; path = MyClewsStore.m; sourceTree = "<group>"; };
		79C28C051B02557D00E59E42 /* MyClews.h */ = {isa = PBXFileReference; fileEncoding = 4; lastKnownFileType = sourcecode.c.h; path = MyClews.h; sourceTree = "<group>"; };
		79C28C061B02557D00E59E42 /* MyClews.m */ = {isa = PBXFileReference; fileEncoding = 4; lastKnownFileType = sourcecode.c.objc; path = MyClews.m; sourceTree = "<group>"; };
		79C28C091B027D1B00E59E42 /* CustomCollectionViewCell.h */ = {isa = PBXFileReference; fileEncoding = 4; lastKnownFileType = sourcecode.c.h; path = CustomCollectionViewCell.h; sourceTree = "<group>"; };
		79C28C0A1B027D1B00E59E42 /* CustomCollectionViewCell.m */ = {isa = PBXFileReference; fileEncoding = 4; lastKnownFileType = sourcecode.c.objc; path = CustomCollectionViewCell.m; sourceTree = "<group>"; };
		79C28C0D1B02D61800E59E42 /* MyClewDetailViewController.h */ = {isa = PBXFileReference; fileEncoding = 4; lastKnownFileType = sourcecode.c.h; path = MyClewDetailViewController.h; sourceTree = "<group>"; };
		79C28C0E1B02D61800E59E42 /* MyClewDetailViewController.m */ = {isa = PBXFileReference; fileEncoding = 4; lastKnownFileType = sourcecode.c.objc; path = MyClewDetailViewController.m; sourceTree = "<group>"; };
		79C28C111B02DAF800E59E42 /* SuspectViewController.h */ = {isa = PBXFileReference; fileEncoding = 4; lastKnownFileType = sourcecode.c.h; path = SuspectViewController.h; sourceTree = "<group>"; };
		79C28C121B02DAF800E59E42 /* SuspectViewController.m */ = {isa = PBXFileReference; fileEncoding = 4; lastKnownFileType = sourcecode.c.objc; path = SuspectViewController.m; sourceTree = "<group>"; };
		79C28C181B02DC4000E59E42 /* SuspectStore.h */ = {isa = PBXFileReference; fileEncoding = 4; lastKnownFileType = sourcecode.c.h; path = SuspectStore.h; sourceTree = "<group>"; };
		79C28C191B02DC4000E59E42 /* SuspectStore.m */ = {isa = PBXFileReference; fileEncoding = 4; lastKnownFileType = sourcecode.c.objc; path = SuspectStore.m; sourceTree = "<group>"; };
		79C28C1E1B02E69800E59E42 /* Suspect.h */ = {isa = PBXFileReference; fileEncoding = 4; lastKnownFileType = sourcecode.c.h; path = Suspect.h; sourceTree = "<group>"; };
		79C28C1F1B02E69800E59E42 /* Suspect.m */ = {isa = PBXFileReference; fileEncoding = 4; lastKnownFileType = sourcecode.c.objc; path = Suspect.m; sourceTree = "<group>"; };
/* End PBXFileReference section */

/* Begin PBXFrameworksBuildPhase section */
		793AB0A11B00C221008D2ED3 /* Frameworks */ = {
			isa = PBXFrameworksBuildPhase;
			buildActionMask = 2147483647;
			files = (
				79B1062F1B00DB450087E9F7 /* MapKit.framework in Frameworks */,
			);
			runOnlyForDeploymentPostprocessing = 0;
		};
		793AB0BD1B00C221008D2ED3 /* Frameworks */ = {
			isa = PBXFrameworksBuildPhase;
			buildActionMask = 2147483647;
			files = (
			);
			runOnlyForDeploymentPostprocessing = 0;
		};
/* End PBXFrameworksBuildPhase section */

/* Begin PBXGroup section */
		793AB09B1B00C221008D2ED3 = {
			isa = PBXGroup;
			children = (
				79B1062E1B00DB450087E9F7 /* MapKit.framework */,
				793AB0A61B00C221008D2ED3 /* DetectiveApp */,
				793AB0C31B00C221008D2ED3 /* DetectiveAppTests */,
				793AB0A51B00C221008D2ED3 /* Products */,
			);
			sourceTree = "<group>";
		};
		793AB0A51B00C221008D2ED3 /* Products */ = {
			isa = PBXGroup;
			children = (
				793AB0A41B00C221008D2ED3 /* QRCase.app */,
				793AB0C01B00C221008D2ED3 /* QRCaseTests.xctest */,
			);
			name = Products;
			sourceTree = "<group>";
		};
		793AB0A61B00C221008D2ED3 /* DetectiveApp */ = {
			isa = PBXGroup;
			children = (
				79C28C101B02DADA00E59E42 /* Suspeitos */,
				79C28C0C1B02D59C00E59E42 /* Detalhes da Pista */,
				79C28C081B02760800E59E42 /* Minhas Pistas */,
				79B106331B012E670087E9F7 /* DetectiveApp.xcdatamodeld */,
				79C28BF41B01646700E59E42 /* Controller */,
				793AB0AB1B00C221008D2ED3 /* AppDelegate.h */,
				793AB0AC1B00C221008D2ED3 /* AppDelegate.m */,
				793AB0B41B00C221008D2ED3 /* Main.storyboard */,
				793AB0B71B00C221008D2ED3 /* Images.xcassets */,
				793AB0B91B00C221008D2ED3 /* LaunchScreen.xib */,
				793AB0A71B00C221008D2ED3 /* Supporting Files */,
			);
			path = DetectiveApp;
			sourceTree = "<group>";
		};
		793AB0A71B00C221008D2ED3 /* Supporting Files */ = {
			isa = PBXGroup;
			children = (
				793AB0A81B00C221008D2ED3 /* Info.plist */,
				793AB0A91B00C221008D2ED3 /* main.m */,
			);
			name = "Supporting Files";
			sourceTree = "<group>";
		};
		793AB0C31B00C221008D2ED3 /* DetectiveAppTests */ = {
			isa = PBXGroup;
			children = (
				793AB0C61B00C221008D2ED3 /* DetectiveAppTests.m */,
				793AB0C41B00C221008D2ED3 /* Supporting Files */,
			);
			path = DetectiveAppTests;
			sourceTree = "<group>";
		};
		793AB0C41B00C221008D2ED3 /* Supporting Files */ = {
			isa = PBXGroup;
			children = (
				793AB0C51B00C221008D2ED3 /* Info.plist */,
			);
			name = "Supporting Files";
			sourceTree = "<group>";
		};
		79C28BF41B01646700E59E42 /* Controller */ = {
			isa = PBXGroup;
			children = (
				793AB0AE1B00C221008D2ED3 /* MapNextClewViewController.h */,
				793AB0AF1B00C221008D2ED3 /* MapNextClewViewController.m */,
				793AB0B11B00C221008D2ED3 /* ScannerViewController.h */,
				793AB0B21B00C221008D2ED3 /* ScannerViewController.m */,
				793AB0D31B00C599008D2ED3 /* QRClewDetailViewController.h */,
				793AB0D41B00C599008D2ED3 /* QRClewDetailViewController.m */,
				79B106301B00DFA10087E9F7 /* MapAnnotation.h */,
				79B106311B00DFA10087E9F7 /* MapAnnotation.m */,
				C84CB46B1B02A9F500090C1D /* CaseOverviewViewController.h */,
				C84CB46C1B02A9F500090C1D /* CaseOverviewViewController.m */,
				79C28BF01B014AB500E59E42 /* CaseDetailViewController.h */,
				79C28BF11B014AB500E59E42 /* CaseDetailViewController.m */,
			);
			name = Controller;
			sourceTree = "<group>";
		};
		79C28BFB1B01677E00E59E42 /* Model */ = {
			isa = PBXGroup;
			children = (
				79C28C021B0253F400E59E42 /* MyClewsStore.h */,
				79C28C031B0253F400E59E42 /* MyClewsStore.m */,
				79C28C051B02557D00E59E42 /* MyClews.h */,
				79C28C061B02557D00E59E42 /* MyClews.m */,
			);
			name = Model;
			sourceTree = "<group>";
		};
		79C28C081B02760800E59E42 /* Minhas Pistas */ = {
			isa = PBXGroup;
			children = (
				79C28C091B027D1B00E59E42 /* CustomCollectionViewCell.h */,
				79C28C0A1B027D1B00E59E42 /* CustomCollectionViewCell.m */,
				793AB0D01B00C40E008D2ED3 /* MyClewsViewController.h */,
				793AB0D11B00C40E008D2ED3 /* MyClewsViewController.m */,
				79C28BFB1B01677E00E59E42 /* Model */,
			);
			name = "Minhas Pistas";
			sourceTree = "<group>";
		};
		79C28C0C1B02D59C00E59E42 /* Detalhes da Pista */ = {
			isa = PBXGroup;
			children = (
				79C28C0D1B02D61800E59E42 /* MyClewDetailViewController.h */,
				79C28C0E1B02D61800E59E42 /* MyClewDetailViewController.m */,
			);
			name = "Detalhes da Pista";
			sourceTree = "<group>";
		};
		79C28C101B02DADA00E59E42 /* Suspeitos */ = {
			isa = PBXGroup;
			children = (
				79C28C111B02DAF800E59E42 /* SuspectViewController.h */,
				79C28C121B02DAF800E59E42 /* SuspectViewController.m */,
				79C28C141B02DBA200E59E42 /* Model */,
			);
			name = Suspeitos;
			sourceTree = "<group>";
		};
		79C28C141B02DBA200E59E42 /* Model */ = {
			isa = PBXGroup;
			children = (
				79C28C181B02DC4000E59E42 /* SuspectStore.h */,
				79C28C191B02DC4000E59E42 /* SuspectStore.m */,
				79C28C1E1B02E69800E59E42 /* Suspect.h */,
				79C28C1F1B02E69800E59E42 /* Suspect.m */,
			);
			name = Model;
			sourceTree = "<group>";
		};
/* End PBXGroup section */

/* Begin PBXNativeTarget section */
		793AB0A31B00C221008D2ED3 /* QRCase */ = {
			isa = PBXNativeTarget;
			buildConfigurationList = 793AB0CA1B00C221008D2ED3 /* Build configuration list for PBXNativeTarget "QRCase" */;
			buildPhases = (
				793AB0A01B00C221008D2ED3 /* Sources */,
				793AB0A11B00C221008D2ED3 /* Frameworks */,
				793AB0A21B00C221008D2ED3 /* Resources */,
			);
			buildRules = (
			);
			dependencies = (
			);
			name = QRCase;
			productName = DetectiveApp;
			productReference = 793AB0A41B00C221008D2ED3 /* QRCase.app */;
			productType = "com.apple.product-type.application";
		};
		793AB0BF1B00C221008D2ED3 /* QRCaseTests */ = {
			isa = PBXNativeTarget;
			buildConfigurationList = 793AB0CD1B00C221008D2ED3 /* Build configuration list for PBXNativeTarget "QRCaseTests" */;
			buildPhases = (
				793AB0BC1B00C221008D2ED3 /* Sources */,
				793AB0BD1B00C221008D2ED3 /* Frameworks */,
				793AB0BE1B00C221008D2ED3 /* Resources */,
			);
			buildRules = (
			);
			dependencies = (
				793AB0C21B00C221008D2ED3 /* PBXTargetDependency */,
			);
			name = QRCaseTests;
			productName = DetectiveAppTests;
			productReference = 793AB0C01B00C221008D2ED3 /* QRCaseTests.xctest */;
			productType = "com.apple.product-type.bundle.unit-test";
		};
/* End PBXNativeTarget section */

/* Begin PBXProject section */
		793AB09C1B00C221008D2ED3 /* Project object */ = {
			isa = PBXProject;
			attributes = {
				LastUpgradeCheck = 0620;
				ORGANIZATIONNAME = "Guilherme Kenji Kodama";
				TargetAttributes = {
					793AB0A31B00C221008D2ED3 = {
						CreatedOnToolsVersion = 6.2;
						SystemCapabilities = {
							com.apple.Maps.iOS = {
								enabled = 1;
							};
						};
					};
					793AB0BF1B00C221008D2ED3 = {
						CreatedOnToolsVersion = 6.2;
						TestTargetID = 793AB0A31B00C221008D2ED3;
					};
				};
			};
			buildConfigurationList = 793AB09F1B00C221008D2ED3 /* Build configuration list for PBXProject "QRCase" */;
			compatibilityVersion = "Xcode 3.2";
			developmentRegion = English;
			hasScannedForEncodings = 0;
			knownRegions = (
				en,
				Base,
			);
			mainGroup = 793AB09B1B00C221008D2ED3;
			productRefGroup = 793AB0A51B00C221008D2ED3 /* Products */;
			projectDirPath = "";
			projectRoot = "";
			targets = (
				793AB0A31B00C221008D2ED3 /* QRCase */,
				793AB0BF1B00C221008D2ED3 /* QRCaseTests */,
			);
		};
/* End PBXProject section */

/* Begin PBXResourcesBuildPhase section */
		793AB0A21B00C221008D2ED3 /* Resources */ = {
			isa = PBXResourcesBuildPhase;
			buildActionMask = 2147483647;
			files = (
				793AB0B61B00C221008D2ED3 /* Main.storyboard in Resources */,
				793AB0BB1B00C221008D2ED3 /* LaunchScreen.xib in Resources */,
				793AB0B81B00C221008D2ED3 /* Images.xcassets in Resources */,
			);
			runOnlyForDeploymentPostprocessing = 0;
		};
		793AB0BE1B00C221008D2ED3 /* Resources */ = {
			isa = PBXResourcesBuildPhase;
			buildActionMask = 2147483647;
			files = (
			);
			runOnlyForDeploymentPostprocessing = 0;
		};
/* End PBXResourcesBuildPhase section */

/* Begin PBXSourcesBuildPhase section */
		793AB0A01B00C221008D2ED3 /* Sources */ = {
			isa = PBXSourcesBuildPhase;
			buildActionMask = 2147483647;
			files = (
				79C28C131B02DAF800E59E42 /* SuspectViewController.m in Sources */,
				793AB0D51B00C599008D2ED3 /* QRClewDetailViewController.m in Sources */,
				793AB0B31B00C221008D2ED3 /* ScannerViewController.m in Sources */,
				79C28C071B02557D00E59E42 /* MyClews.m in Sources */,
				79C28C0F1B02D61800E59E42 /* MyClewDetailViewController.m in Sources */,
				79C28C0B1B027D1B00E59E42 /* CustomCollectionViewCell.m in Sources */,
				793AB0D21B00C40E008D2ED3 /* MyClewsViewController.m in Sources */,
				793AB0AD1B00C221008D2ED3 /* AppDelegate.m in Sources */,
				793AB0B01B00C221008D2ED3 /* MapNextClewViewController.m in Sources */,
				793AB0AA1B00C221008D2ED3 /* main.m in Sources */,
				79C28C041B0253F400E59E42 /* MyClewsStore.m in Sources */,
				79C28C201B02E69800E59E42 /* Suspect.m in Sources */,
				79B106321B00DFA10087E9F7 /* MapAnnotation.m in Sources */,
				79C28C1A1B02DC4000E59E42 /* SuspectStore.m in Sources */,
				79C28BF21B014AB500E59E42 /* CaseDetailViewController.m in Sources */,
				C84CB46D1B02A9F500090C1D /* CaseOverviewViewController.m in Sources */,
				79B106351B012E670087E9F7 /* DetectiveApp.xcdatamodeld in Sources */,
			);
			runOnlyForDeploymentPostprocessing = 0;
		};
		793AB0BC1B00C221008D2ED3 /* Sources */ = {
			isa = PBXSourcesBuildPhase;
			buildActionMask = 2147483647;
			files = (
				793AB0C71B00C221008D2ED3 /* DetectiveAppTests.m in Sources */,
			);
			runOnlyForDeploymentPostprocessing = 0;
		};
/* End PBXSourcesBuildPhase section */

/* Begin PBXTargetDependency section */
		793AB0C21B00C221008D2ED3 /* PBXTargetDependency */ = {
			isa = PBXTargetDependency;
			target = 793AB0A31B00C221008D2ED3 /* QRCase */;
			targetProxy = 793AB0C11B00C221008D2ED3 /* PBXContainerItemProxy */;
		};
/* End PBXTargetDependency section */

/* Begin PBXVariantGroup section */
		793AB0B41B00C221008D2ED3 /* Main.storyboard */ = {
			isa = PBXVariantGroup;
			children = (
				793AB0B51B00C221008D2ED3 /* Base */,
			);
			name = Main.storyboard;
			sourceTree = "<group>";
		};
		793AB0B91B00C221008D2ED3 /* LaunchScreen.xib */ = {
			isa = PBXVariantGroup;
			children = (
				793AB0BA1B00C221008D2ED3 /* Base */,
			);
			name = LaunchScreen.xib;
			sourceTree = "<group>";
		};
/* End PBXVariantGroup section */

/* Begin XCBuildConfiguration section */
		793AB0C81B00C221008D2ED3 /* Debug */ = {
			isa = XCBuildConfiguration;
			buildSettings = {
				ALWAYS_SEARCH_USER_PATHS = NO;
				CLANG_CXX_LANGUAGE_STANDARD = "gnu++0x";
				CLANG_CXX_LIBRARY = "libc++";
				CLANG_ENABLE_MODULES = YES;
				CLANG_ENABLE_OBJC_ARC = YES;
				CLANG_WARN_BOOL_CONVERSION = YES;
				CLANG_WARN_CONSTANT_CONVERSION = YES;
				CLANG_WARN_DIRECT_OBJC_ISA_USAGE = YES_ERROR;
				CLANG_WARN_EMPTY_BODY = YES;
				CLANG_WARN_ENUM_CONVERSION = YES;
				CLANG_WARN_INT_CONVERSION = YES;
				CLANG_WARN_OBJC_ROOT_CLASS = YES_ERROR;
				CLANG_WARN_UNREACHABLE_CODE = YES;
				CLANG_WARN__DUPLICATE_METHOD_MATCH = YES;
				"CODE_SIGN_IDENTITY[sdk=iphoneos*]" = "iPhone Developer";
				COPY_PHASE_STRIP = NO;
				ENABLE_STRICT_OBJC_MSGSEND = YES;
				GCC_C_LANGUAGE_STANDARD = gnu99;
				GCC_DYNAMIC_NO_PIC = NO;
				GCC_OPTIMIZATION_LEVEL = 0;
				GCC_PREPROCESSOR_DEFINITIONS = (
					"DEBUG=1",
					"$(inherited)",
				);
				GCC_SYMBOLS_PRIVATE_EXTERN = NO;
				GCC_WARN_64_TO_32_BIT_CONVERSION = YES;
				GCC_WARN_ABOUT_RETURN_TYPE = YES_ERROR;
				GCC_WARN_UNDECLARED_SELECTOR = YES;
				GCC_WARN_UNINITIALIZED_AUTOS = YES_AGGRESSIVE;
				GCC_WARN_UNUSED_FUNCTION = YES;
				GCC_WARN_UNUSED_VARIABLE = YES;
				IPHONEOS_DEPLOYMENT_TARGET = 8.2;
				MTL_ENABLE_DEBUG_INFO = YES;
				ONLY_ACTIVE_ARCH = YES;
				SDKROOT = iphoneos;
			};
			name = Debug;
		};
		793AB0C91B00C221008D2ED3 /* Release */ = {
			isa = XCBuildConfiguration;
			buildSettings = {
				ALWAYS_SEARCH_USER_PATHS = NO;
				CLANG_CXX_LANGUAGE_STANDARD = "gnu++0x";
				CLANG_CXX_LIBRARY = "libc++";
				CLANG_ENABLE_MODULES = YES;
				CLANG_ENABLE_OBJC_ARC = YES;
				CLANG_WARN_BOOL_CONVERSION = YES;
				CLANG_WARN_CONSTANT_CONVERSION = YES;
				CLANG_WARN_DIRECT_OBJC_ISA_USAGE = YES_ERROR;
				CLANG_WARN_EMPTY_BODY = YES;
				CLANG_WARN_ENUM_CONVERSION = YES;
				CLANG_WARN_INT_CONVERSION = YES;
				CLANG_WARN_OBJC_ROOT_CLASS = YES_ERROR;
				CLANG_WARN_UNREACHABLE_CODE = YES;
				CLANG_WARN__DUPLICATE_METHOD_MATCH = YES;
				"CODE_SIGN_IDENTITY[sdk=iphoneos*]" = "iPhone Developer";
				COPY_PHASE_STRIP = NO;
				ENABLE_NS_ASSERTIONS = NO;
				ENABLE_STRICT_OBJC_MSGSEND = YES;
				GCC_C_LANGUAGE_STANDARD = gnu99;
				GCC_WARN_64_TO_32_BIT_CONVERSION = YES;
				GCC_WARN_ABOUT_RETURN_TYPE = YES_ERROR;
				GCC_WARN_UNDECLARED_SELECTOR = YES;
				GCC_WARN_UNINITIALIZED_AUTOS = YES_AGGRESSIVE;
				GCC_WARN_UNUSED_FUNCTION = YES;
				GCC_WARN_UNUSED_VARIABLE = YES;
				IPHONEOS_DEPLOYMENT_TARGET = 8.2;
				MTL_ENABLE_DEBUG_INFO = NO;
				SDKROOT = iphoneos;
				VALIDATE_PRODUCT = YES;
			};
			name = Release;
		};
		793AB0CB1B00C221008D2ED3 /* Debug */ = {
			isa = XCBuildConfiguration;
			buildSettings = {
				ASSETCATALOG_COMPILER_APPICON_NAME = AppIcon;
				INFOPLIST_FILE = DetectiveApp/Info.plist;
				LD_RUNPATH_SEARCH_PATHS = "$(inherited) @executable_path/Frameworks";
				PRODUCT_NAME = QRCase;
				TARGETED_DEVICE_FAMILY = "1,2";
			};
			name = Debug;
		};
		793AB0CC1B00C221008D2ED3 /* Release */ = {
			isa = XCBuildConfiguration;
			buildSettings = {
				ASSETCATALOG_COMPILER_APPICON_NAME = AppIcon;
				INFOPLIST_FILE = DetectiveApp/Info.plist;
				LD_RUNPATH_SEARCH_PATHS = "$(inherited) @executable_path/Frameworks";
				PRODUCT_NAME = QRCase;
				TARGETED_DEVICE_FAMILY = "1,2";
			};
			name = Release;
		};
		793AB0CE1B00C221008D2ED3 /* Debug */ = {
			isa = XCBuildConfiguration;
			buildSettings = {
				BUNDLE_LOADER = "$(TEST_HOST)";
				FRAMEWORK_SEARCH_PATHS = (
					"$(SDKROOT)/Developer/Library/Frameworks",
					"$(inherited)",
				);
				GCC_PREPROCESSOR_DEFINITIONS = (
					"DEBUG=1",
					"$(inherited)",
				);
				INFOPLIST_FILE = DetectiveAppTests/Info.plist;
				LD_RUNPATH_SEARCH_PATHS = "$(inherited) @executable_path/Frameworks @loader_path/Frameworks";
				PRODUCT_NAME = QRCaseTests;
				TEST_HOST = "$(BUILT_PRODUCTS_DIR)/QRCase.app/QRCase";
			};
			name = Debug;
		};
		793AB0CF1B00C221008D2ED3 /* Release */ = {
			isa = XCBuildConfiguration;
			buildSettings = {
				BUNDLE_LOADER = "$(TEST_HOST)";
				FRAMEWORK_SEARCH_PATHS = (
					"$(SDKROOT)/Developer/Library/Frameworks",
					"$(inherited)",
				);
				INFOPLIST_FILE = DetectiveAppTests/Info.plist;
				LD_RUNPATH_SEARCH_PATHS = "$(inherited) @executable_path/Frameworks @loader_path/Frameworks";
				PRODUCT_NAME = QRCaseTests;
				TEST_HOST = "$(BUILT_PRODUCTS_DIR)/QRCase.app/QRCase";
			};
			name = Release;
		};
/* End XCBuildConfiguration section */

/* Begin XCConfigurationList section */
		793AB09F1B00C221008D2ED3 /* Build configuration list for PBXProject "QRCase" */ = {
			isa = XCConfigurationList;
			buildConfigurations = (
				793AB0C81B00C221008D2ED3 /* Debug */,
				793AB0C91B00C221008D2ED3 /* Release */,
			);
			defaultConfigurationIsVisible = 0;
			defaultConfigurationName = Release;
		};
		793AB0CA1B00C221008D2ED3 /* Build configuration list for PBXNativeTarget "QRCase" */ = {
			isa = XCConfigurationList;
			buildConfigurations = (
				793AB0CB1B00C221008D2ED3 /* Debug */,
				793AB0CC1B00C221008D2ED3 /* Release */,
			);
			defaultConfigurationIsVisible = 0;
			defaultConfigurationName = Release;
		};
		793AB0CD1B00C221008D2ED3 /* Build configuration list for PBXNativeTarget "QRCaseTests" */ = {
			isa = XCConfigurationList;
			buildConfigurations = (
				793AB0CE1B00C221008D2ED3 /* Debug */,
				793AB0CF1B00C221008D2ED3 /* Release */,
			);
			defaultConfigurationIsVisible = 0;
			defaultConfigurationName = Release;
		};
/* End XCConfigurationList section */

/* Begin XCVersionGroup section */
		79B106331B012E670087E9F7 /* DetectiveApp.xcdatamodeld */ = {
			isa = XCVersionGroup;
			children = (
				79B106341B012E670087E9F7 /* DetectiveApp.xcdatamodel */,
			);
			currentVersion = 79B106341B012E670087E9F7 /* DetectiveApp.xcdatamodel */;
			path = DetectiveApp.xcdatamodeld;
			sourceTree = SOURCE_ROOT;
			versionGroupType = wrapper.xcdatamodel;
		};
/* End XCVersionGroup section */
	};
	rootObject = 793AB09C1B00C221008D2ED3 /* Project object */;
}
